
Microsoft Visual Studio Solution File, Format Version 12.00
# Visual Studio Version 17
VisualStudioVersion = 17.4.33205.214
MinimumVisualStudioVersion = 10.0.40219.1
Project("{FAE04EC0-301F-11D3-BF4B-00C04F79EFBC}") = "DynamoDBBasics", "DynamoDBBasics\DynamoDBBasics.csproj", "{B8AE3840-1F22-4417-A6D8-BC6CE60912BD}"
EndProject
Global
	GlobalSection(SolutionConfigurationPlatforms) = preSolution
		Debug|Any CPU = Debug|Any CPU
		Release|Any CPU = Release|Any CPU
	EndGlobalSection
	GlobalSection(ProjectConfigurationPlatforms) = postSolution
		{B8AE3840-1F22-4417-A6D8-BC6CE60912BD}.Debug|Any CPU.ActiveCfg = Debug|Any CPU
		{B8AE3840-1F22-4417-A6D8-BC6CE60912BD}.Debug|Any CPU.Build.0 = Debug|Any CPU
		{B8AE3840-1F22-4417-A6D8-BC6CE60912BD}.Release|Any CPU.ActiveCfg = Release|Any CPU
		{B8AE3840-1F22-4417-A6D8-BC6CE60912BD}.Release|Any CPU.Build.0 = Release|Any CPU
	EndGlobalSection
	GlobalSection(SolutionProperties) = preSolution
		HideSolutionNode = FALSE
	EndGlobalSection
	GlobalSection(ExtensibilityGlobals) = postSolution
		SolutionGuid = {1E35FDCA-4A15-4136-B3EF-BEADC74D7A78}
	EndGlobalSection
EndGlobal
